
Microsoft Visual Studio Solution File, Format Version 12.00
# Visual Studio Version 17
VisualStudioVersion = 17.4.33213.308
MinimumVisualStudioVersion = 10.0.40219.1
Project("{8BC9CEB8-8B4A-11D0-8D11-00A0C91BC942}") = "IoFile", "IoFile\IoFile.vcxproj", "{9CDAA1C5-823D-4853-99DE-ABBCAE2F2BCC}"
EndProject
Project("{8BC9CEB8-8B4A-11D0-8D11-00A0C91BC942}") = "IoFileWithPath", "IoFileWithPath\IoFileWithPath.vcxproj", "{1B1ADA04-A5E2-4E88-9E9E-08A7E397A525}"
EndProject
Project("{8BC9CEB8-8B4A-11D0-8D11-00A0C91BC942}") = "manualExecption", "manualExecption\manualExecption.vcxproj", "{ED074943-413A-4EB6-9CE7-CB2B23383E90}"
EndProject
Global
	GlobalSection(SolutionConfigurationPlatforms) = preSolution
		Debug|x64 = Debug|x64
		Debug|x86 = Debug|x86
		Release|x64 = Release|x64
		Release|x86 = Release|x86
	EndGlobalSection
	GlobalSection(ProjectConfigurationPlatforms) = postSolution
		{9CDAA1C5-823D-4853-99DE-ABBCAE2F2BCC}.Debug|x64.ActiveCfg = Debug|x64
		{9CDAA1C5-823D-4853-99DE-ABBCAE2F2BCC}.Debug|x64.Build.0 = Debug|x64
		{9CDAA1C5-823D-4853-99DE-ABBCAE2F2BCC}.Debug|x86.ActiveCfg = Debug|Win32
		{9CDAA1C5-823D-4853-99DE-ABBCAE2F2BCC}.Debug|x86.Build.0 = Debug|Win32
		{9CDAA1C5-823D-4853-99DE-ABBCAE2F2BCC}.Release|x64.ActiveCfg = Release|x64
		{9CDAA1C5-823D-4853-99DE-ABBCAE2F2BCC}.Release|x64.Build.0 = Release|x64
		{9CDAA1C5-823D-4853-99DE-ABBCAE2F2BCC}.Release|x86.ActiveCfg = Release|Win32
		{9CDAA1C5-823D-4853-99DE-ABBCAE2F2BCC}.Release|x86.Build.0 = Release|Win32
		{1B1ADA04-A5E2-4E88-9E9E-08A7E397A525}.Debug|x64.ActiveCfg = Debug|x64
		{1B1ADA04-A5E2-4E88-9E9E-08A7E397A525}.Debug|x64.Build.0 = Debug|x64
		{1B1ADA04-A5E2-4E88-9E9E-08A7E397A525}.Debug|x86.ActiveCfg = Debug|Win32
		{1B1ADA04-A5E2-4E88-9E9E-08A7E397A525}.Debug|x86.Build.0 = Debug|Win32
		{1B1ADA04-A5E2-4E88-9E9E-08A7E397A525}.Release|x64.ActiveCfg = Release|x64
		{1B1ADA04-A5E2-4E88-9E9E-08A7E397A525}.Release|x64.Build.0 = Release|x64
		{1B1ADA04-A5E2-4E88-9E9E-08A7E397A525}.Release|x86.ActiveCfg = Release|Win32
		{1B1ADA04-A5E2-4E88-9E9E-08A7E397A525}.Release|x86.Build.0 = Release|Win32
		{ED074943-413A-4EB6-9CE7-CB2B23383E90}.Debug|x64.ActiveCfg = Debug|x64
		{ED074943-413A-4EB6-9CE7-CB2B23383E90}.Debug|x64.Build.0 = Debug|x64
		{ED074943-413A-4EB6-9CE7-CB2B23383E90}.Debug|x86.ActiveCfg = Debug|Win32
		{ED074943-413A-4EB6-9CE7-CB2B23383E90}.Debug|x86.Build.0 = Debug|Win32
		{ED074943-413A-4EB6-9CE7-CB2B23383E90}.Release|x64.ActiveCfg = Release|x64
		{ED074943-413A-4EB6-9CE7-CB2B23383E90}.Release|x64.Build.0 = Release|x64
		{ED074943-413A-4EB6-9CE7-CB2B23383E90}.Release|x86.ActiveCfg = Release|Win32
		{ED074943-413A-4EB6-9CE7-CB2B23383E90}.Release|x86.Build.0 = Release|Win32
	EndGlobalSection
	GlobalSection(SolutionProperties) = preSolution
		HideSolutionNode = FALSE
	EndGlobalSection
	GlobalSection(ExtensibilityGlobals) = postSolution
		SolutionGuid = {FDCEDD29-8937-45F7-9A66-0F3FF28B9A17}
	EndGlobalSection
EndGlobal
